
Microsoft Visual Studio Solution File, Format Version 12.00
# Visual Studio 2010
Project("{2150E333-8FDC-42A3-9474-1A3956D46DE8}") = "2Semestr", "2Semestr", "{6B7C3164-AA7F-48DA-A8AF-33FFDAFB7495}"
EndProject
Project("{2150E333-8FDC-42A3-9474-1A3956D46DE8}") = "1Semestr", "1Semestr", "{C3913949-6FFA-4E62-8E4E-AAF36D14B36E}"
EndProject
Project("{FAE04EC0-301F-11D3-BF4B-00C04F79EFBC}") = "Lab2CheckersClient", "Klyuchnikov.Seti.OneSemestr.Lab2CheckersClient\Lab2CheckersClient.csproj", "{260B535B-AD4F-457C-898C-40297DC6D564}"
EndProject
Project("{FAE04EC0-301F-11D3-BF4B-00C04F79EFBC}") = "Lab2CheckersServer", "Klyuchnikov.Seti.OneSemestr.Lab2CheckersServer\Lab2CheckersServer.csproj", "{BEE30552-85EA-46DA-A8B6-09B6DF20BAB3}"
EndProject
Project("{FAE04EC0-301F-11D3-BF4B-00C04F79EFBC}") = "Lab4", "Klyuchnikov.Seti.OneSemestr.Lab4\Lab4.csproj", "{56150685-6E80-496F-B68A-69CC2E777ED4}"
EndProject
Project("{FAE04EC0-301F-11D3-BF4B-00C04F79EFBC}") = "2SLab1", "Klyuchnikov.Seti.TwoSemestr.Lab1\2SLab1.csproj", "{7A8C136B-0609-461B-A05D-3100CF13A907}"
EndProject
Project("{FAE04EC0-301F-11D3-BF4B-00C04F79EFBC}") = "CommonLibrary", "Klyuchnikov.Seti.TwoSemestr.CommonLibrary\CommonLibrary.csproj", "{3397E9FF-7BA4-4EC0-AC89-8CF200EBD7B6}"
EndProject
Project("{FAE04EC0-301F-11D3-BF4B-00C04F79EFBC}") = "2SLab2", "Klyuchnikov.Seti.TwoSemestr.Lab2\2SLab2.csproj", "{BA536607-FB55-42FD-BE30-5BC5DFE52E07}"
EndProject
Project("{FAE04EC0-301F-11D3-BF4B-00C04F79EFBC}") = "2SLab3", "Klyuchnikov.Seti.TwoSemestr.Lab3\2SLab3.csproj", "{FECCD572-F5E8-42F2-B7CC-614133C31D74}"
EndProject
Project("{FAE04EC0-301F-11D3-BF4B-00C04F79EFBC}") = "2SLab4", "Klyuchnikov.Seti.TwoSemestr.Lab4\2SLab4.csproj", "{3CD77017-0D68-423A-B5C1-962FB0FD875A}"
EndProject
Global
	GlobalSection(SolutionConfigurationPlatforms) = preSolution
		Debug|Any CPU = Debug|Any CPU
		Debug|Mixed Platforms = Debug|Mixed Platforms
		Debug|x86 = Debug|x86
		Release|Any CPU = Release|Any CPU
		Release|Mixed Platforms = Release|Mixed Platforms
		Release|x86 = Release|x86
	EndGlobalSection
	GlobalSection(ProjectConfigurationPlatforms) = postSolution
		{260B535B-AD4F-457C-898C-40297DC6D564}.Debug|Any CPU.ActiveCfg = Debug|x86
		{260B535B-AD4F-457C-898C-40297DC6D564}.Debug|Mixed Platforms.ActiveCfg = Debug|x86
		{260B535B-AD4F-457C-898C-40297DC6D564}.Debug|Mixed Platforms.Build.0 = Debug|x86
		{260B535B-AD4F-457C-898C-40297DC6D564}.Debug|x86.ActiveCfg = Debug|x86
		{260B535B-AD4F-457C-898C-40297DC6D564}.Debug|x86.Build.0 = Debug|x86
		{260B535B-AD4F-457C-898C-40297DC6D564}.Release|Any CPU.ActiveCfg = Release|x86
		{260B535B-AD4F-457C-898C-40297DC6D564}.Release|Mixed Platforms.ActiveCfg = Release|x86
		{260B535B-AD4F-457C-898C-40297DC6D564}.Release|Mixed Platforms.Build.0 = Release|x86
		{260B535B-AD4F-457C-898C-40297DC6D564}.Release|x86.ActiveCfg = Release|x86
		{260B535B-AD4F-457C-898C-40297DC6D564}.Release|x86.Build.0 = Release|x86
		{BEE30552-85EA-46DA-A8B6-09B6DF20BAB3}.Debug|Any CPU.ActiveCfg = Debug|Any CPU
		{BEE30552-85EA-46DA-A8B6-09B6DF20BAB3}.Debug|Any CPU.Build.0 = Debug|Any CPU
		{BEE30552-85EA-46DA-A8B6-09B6DF20BAB3}.Debug|Mixed Platforms.ActiveCfg = Debug|Any CPU
		{BEE30552-85EA-46DA-A8B6-09B6DF20BAB3}.Debug|Mixed Platforms.Build.0 = Debug|Any CPU
		{BEE30552-85EA-46DA-A8B6-09B6DF20BAB3}.Debug|x86.ActiveCfg = Debug|Any CPU
		{BEE30552-85EA-46DA-A8B6-09B6DF20BAB3}.Release|Any CPU.ActiveCfg = Release|Any CPU
		{BEE30552-85EA-46DA-A8B6-09B6DF20BAB3}.Release|Any CPU.Build.0 = Release|Any CPU
		{BEE30552-85EA-46DA-A8B6-09B6DF20BAB3}.Release|Mixed Platforms.ActiveCfg = Release|Any CPU
		{BEE30552-85EA-46DA-A8B6-09B6DF20BAB3}.Release|Mixed Platforms.Build.0 = Release|Any CPU
		{BEE30552-85EA-46DA-A8B6-09B6DF20BAB3}.Release|x86.ActiveCfg = Release|Any CPU
		{56150685-6E80-496F-B68A-69CC2E777ED4}.Debug|Any CPU.ActiveCfg = Debug|Any CPU
		{56150685-6E80-496F-B68A-69CC2E777ED4}.Debug|Any CPU.Build.0 = Debug|Any CPU
		{56150685-6E80-496F-B68A-69CC2E777ED4}.Debug|Mixed Platforms.ActiveCfg = Debug|Any CPU
		{56150685-6E80-496F-B68A-69CC2E777ED4}.Debug|Mixed Platforms.Build.0 = Debug|Any CPU
		{56150685-6E80-496F-B68A-69CC2E777ED4}.Debug|x86.ActiveCfg = Debug|Any CPU
		{56150685-6E80-496F-B68A-69CC2E777ED4}.Release|Any CPU.ActiveCfg = Release|Any CPU
		{56150685-6E80-496F-B68A-69CC2E777ED4}.Release|Any CPU.Build.0 = Release|Any CPU
		{56150685-6E80-496F-B68A-69CC2E777ED4}.Release|Mixed Platforms.ActiveCfg = Release|Any CPU
		{56150685-6E80-496F-B68A-69CC2E777ED4}.Release|Mixed Platforms.Build.0 = Release|Any CPU
		{56150685-6E80-496F-B68A-69CC2E777ED4}.Release|x86.ActiveCfg = Release|Any CPU
		{7A8C136B-0609-461B-A05D-3100CF13A907}.Debug|Any CPU.ActiveCfg = Debug|x86
		{7A8C136B-0609-461B-A05D-3100CF13A907}.Debug|Mixed Platforms.ActiveCfg = Debug|x86
		{7A8C136B-0609-461B-A05D-3100CF13A907}.Debug|Mixed Platforms.Build.0 = Debug|x86
		{7A8C136B-0609-461B-A05D-3100CF13A907}.Debug|x86.ActiveCfg = Debug|x86
		{7A8C136B-0609-461B-A05D-3100CF13A907}.Debug|x86.Build.0 = Debug|x86
		{7A8C136B-0609-461B-A05D-3100CF13A907}.Release|Any CPU.ActiveCfg = Release|x86
		{7A8C136B-0609-461B-A05D-3100CF13A907}.Release|Mixed Platforms.ActiveCfg = Release|x86
		{7A8C136B-0609-461B-A05D-3100CF13A907}.Release|Mixed Platforms.Build.0 = Release|x86
		{7A8C136B-0609-461B-A05D-3100CF13A907}.Release|x86.ActiveCfg = Release|x86
		{7A8C136B-0609-461B-A05D-3100CF13A907}.Release|x86.Build.0 = Release|x86
		{3397E9FF-7BA4-4EC0-AC89-8CF200EBD7B6}.Debug|Any CPU.ActiveCfg = Debug|Any CPU
		{3397E9FF-7BA4-4EC0-AC89-8CF200EBD7B6}.Debug|Any CPU.Build.0 = Debug|Any CPU
		{3397E9FF-7BA4-4EC0-AC89-8CF200EBD7B6}.Debug|Mixed Platforms.ActiveCfg = Debug|Any CPU
		{3397E9FF-7BA4-4EC0-AC89-8CF200EBD7B6}.Debug|Mixed Platforms.Build.0 = Debug|Any CPU
		{3397E9FF-7BA4-4EC0-AC89-8CF200EBD7B6}.Debug|x86.ActiveCfg = Debug|Any CPU
		{3397E9FF-7BA4-4EC0-AC89-8CF200EBD7B6}.Release|Any CPU.ActiveCfg = Release|Any CPU
		{3397E9FF-7BA4-4EC0-AC89-8CF200EBD7B6}.Release|Any CPU.Build.0 = Release|Any CPU
		{3397E9FF-7BA4-4EC0-AC89-8CF200EBD7B6}.Release|Mixed Platforms.ActiveCfg = Release|Any CPU
		{3397E9FF-7BA4-4EC0-AC89-8CF200EBD7B6}.Release|Mixed Platforms.Build.0 = Release|Any CPU
		{3397E9FF-7BA4-4EC0-AC89-8CF200EBD7B6}.Release|x86.ActiveCfg = Release|Any CPU
		{BA536607-FB55-42FD-BE30-5BC5DFE52E07}.Debug|Any CPU.ActiveCfg = Debug|x86
		{BA536607-FB55-42FD-BE30-5BC5DFE52E07}.Debug|Mixed Platforms.ActiveCfg = Debug|x86
		{BA536607-FB55-42FD-BE30-5BC5DFE52E07}.Debug|Mixed Platforms.Build.0 = Debug|x86
		{BA536607-FB55-42FD-BE30-5BC5DFE52E07}.Debug|x86.ActiveCfg = Debug|x86
		{BA536607-FB55-42FD-BE30-5BC5DFE52E07}.Debug|x86.Build.0 = Debug|x86
		{BA536607-FB55-42FD-BE30-5BC5DFE52E07}.Release|Any CPU.ActiveCfg = Release|x86
		{BA536607-FB55-42FD-BE30-5BC5DFE52E07}.Release|Mixed Platforms.ActiveCfg = Release|x86
		{BA536607-FB55-42FD-BE30-5BC5DFE52E07}.Release|Mixed Platforms.Build.0 = Release|x86
		{BA536607-FB55-42FD-BE30-5BC5DFE52E07}.Release|x86.ActiveCfg = Release|x86
		{BA536607-FB55-42FD-BE30-5BC5DFE52E07}.Release|x86.Build.0 = Release|x86
		{FECCD572-F5E8-42F2-B7CC-614133C31D74}.Debug|Any CPU.ActiveCfg = Debug|x86
		{FECCD572-F5E8-42F2-B7CC-614133C31D74}.Debug|Mixed Platforms.ActiveCfg = Debug|x86
		{FECCD572-F5E8-42F2-B7CC-614133C31D74}.Debug|Mixed Platforms.Build.0 = Debug|x86
		{FECCD572-F5E8-42F2-B7CC-614133C31D74}.Debug|x86.ActiveCfg = Debug|x86
		{FECCD572-F5E8-42F2-B7CC-614133C31D74}.Debug|x86.Build.0 = Debug|x86
		{FECCD572-F5E8-42F2-B7CC-614133C31D74}.Release|Any CPU.ActiveCfg = Release|x86
		{FECCD572-F5E8-42F2-B7CC-614133C31D74}.Release|Mixed Platforms.ActiveCfg = Release|x86
		{FECCD572-F5E8-42F2-B7CC-614133C31D74}.Release|Mixed Platforms.Build.0 = Release|x86
		{FECCD572-F5E8-42F2-B7CC-614133C31D74}.Release|x86.ActiveCfg = Release|x86
		{FECCD572-F5E8-42F2-B7CC-614133C31D74}.Release|x86.Build.0 = Release|x86
		{3CD77017-0D68-423A-B5C1-962FB0FD875A}.Debug|Any CPU.ActiveCfg = Debug|x86
		{3CD77017-0D68-423A-B5C1-962FB0FD875A}.Debug|Mixed Platforms.ActiveCfg = Debug|x86
		{3CD77017-0D68-423A-B5C1-962FB0FD875A}.Debug|Mixed Platforms.Build.0 = Debug|x86
		{3CD77017-0D68-423A-B5C1-962FB0FD875A}.Debug|x86.ActiveCfg = Debug|x86
		{3CD77017-0D68-423A-B5C1-962FB0FD875A}.Debug|x86.Build.0 = Debug|x86
		{3CD77017-0D68-423A-B5C1-962FB0FD875A}.Release|Any CPU.ActiveCfg = Release|x86
		{3CD77017-0D68-423A-B5C1-962FB0FD875A}.Release|Mixed Platforms.ActiveCfg = Release|x86
		{3CD77017-0D68-423A-B5C1-962FB0FD875A}.Release|Mixed Platforms.Build.0 = Release|x86
		{3CD77017-0D68-423A-B5C1-962FB0FD875A}.Release|x86.ActiveCfg = Release|x86
		{3CD77017-0D68-423A-B5C1-962FB0FD875A}.Release|x86.Build.0 = Release|x86
	EndGlobalSection
	GlobalSection(SolutionProperties) = preSolution
		HideSolutionNode = FALSE
	EndGlobalSection
	GlobalSection(NestedProjects) = preSolution
		{7A8C136B-0609-461B-A05D-3100CF13A907} = {6B7C3164-AA7F-48DA-A8AF-33FFDAFB7495}
		{3397E9FF-7BA4-4EC0-AC89-8CF200EBD7B6} = {6B7C3164-AA7F-48DA-A8AF-33FFDAFB7495}
		{BA536607-FB55-42FD-BE30-5BC5DFE52E07} = {6B7C3164-AA7F-48DA-A8AF-33FFDAFB7495}
		{FECCD572-F5E8-42F2-B7CC-614133C31D74} = {6B7C3164-AA7F-48DA-A8AF-33FFDAFB7495}
		{3CD77017-0D68-423A-B5C1-962FB0FD875A} = {6B7C3164-AA7F-48DA-A8AF-33FFDAFB7495}
		{260B535B-AD4F-457C-898C-40297DC6D564} = {C3913949-6FFA-4E62-8E4E-AAF36D14B36E}
		{BEE30552-85EA-46DA-A8B6-09B6DF20BAB3} = {C3913949-6FFA-4E62-8E4E-AAF36D14B36E}
		{56150685-6E80-496F-B68A-69CC2E777ED4} = {C3913949-6FFA-4E62-8E4E-AAF36D14B36E}
	EndGlobalSection
EndGlobal
